
Microsoft Visual Studio Solution File, Format Version 12.00
# Visual Studio Version 17
VisualStudioVersion = 17.5.33209.295
MinimumVisualStudioVersion = 10.0.40219.1
Project("{9A19103F-16F7-4668-BE54-9A1E7A4F7556}") = "SistemaVenta.API", "SistemaVenta.API\SistemaVenta.API.csproj", "{B368E7B3-7752-4B66-9623-BF764A5E9F17}"
EndProject
Project("{9A19103F-16F7-4668-BE54-9A1E7A4F7556}") = "SistemaVenta.DAL", "SistemaVenta.DAL\SistemaVenta.DAL.csproj", "{E2D2A6D9-937E-4615-9476-9E15F109E3AC}"
EndProject
Project("{9A19103F-16F7-4668-BE54-9A1E7A4F7556}") = "SistemaVenta.BLL", "SistemaVenta.BLL\SistemaVenta.BLL.csproj", "{2098C9DD-8C93-4B52-B109-5119381E9C60}"
EndProject
Project("{9A19103F-16F7-4668-BE54-9A1E7A4F7556}") = "SistemaVenta.Model", "SistemaVenta.Model\SistemaVenta.Model.csproj", "{14C2E043-DF6E-445D-92DE-9C490BCB2032}"
EndProject
Project("{9A19103F-16F7-4668-BE54-9A1E7A4F7556}") = "SistemaVenta.IOC", "SistemaVenta.IOC\SistemaVenta.IOC.csproj", "{C3EDB26F-2725-4049-BEEB-E5D215953909}"
EndProject
Project("{9A19103F-16F7-4668-BE54-9A1E7A4F7556}") = "SistemaVenta.DTO", "SistemaVenta.DTO\SistemaVenta.DTO.csproj", "{4BEF0435-227B-424C-B38B-A04A18CA685F}"
EndProject
Project("{9A19103F-16F7-4668-BE54-9A1E7A4F7556}") = "SistemaVenta.Utility", "SistemaVenta.Utility\SistemaVenta.Utility.csproj", "{B0E87740-2BAC-4D05-918F-37C954C6DB8A}"
EndProject
Project("{2150E333-8FDC-42A3-9474-1A3956D46DE8}") = "assets", "assets", "{24BB8C6F-CDDB-43EA-9DD7-8B2C8B74A385}"
	ProjectSection(SolutionItems) = preProject
		capa DAL.md = capa DAL.md
	EndProjectSection
EndProject
Global
	GlobalSection(SolutionConfigurationPlatforms) = preSolution
		Debug|Any CPU = Debug|Any CPU
		Release|Any CPU = Release|Any CPU
	EndGlobalSection
	GlobalSection(ProjectConfigurationPlatforms) = postSolution
		{B368E7B3-7752-4B66-9623-BF764A5E9F17}.Debug|Any CPU.ActiveCfg = Debug|Any CPU
		{B368E7B3-7752-4B66-9623-BF764A5E9F17}.Debug|Any CPU.Build.0 = Debug|Any CPU
		{B368E7B3-7752-4B66-9623-BF764A5E9F17}.Release|Any CPU.ActiveCfg = Release|Any CPU
		{B368E7B3-7752-4B66-9623-BF764A5E9F17}.Release|Any CPU.Build.0 = Release|Any CPU
		{E2D2A6D9-937E-4615-9476-9E15F109E3AC}.Debug|Any CPU.ActiveCfg = Debug|Any CPU
		{E2D2A6D9-937E-4615-9476-9E15F109E3AC}.Debug|Any CPU.Build.0 = Debug|Any CPU
		{E2D2A6D9-937E-4615-9476-9E15F109E3AC}.Release|Any CPU.ActiveCfg = Release|Any CPU
		{E2D2A6D9-937E-4615-9476-9E15F109E3AC}.Release|Any CPU.Build.0 = Release|Any CPU
		{2098C9DD-8C93-4B52-B109-5119381E9C60}.Debug|Any CPU.ActiveCfg = Debug|Any CPU
		{2098C9DD-8C93-4B52-B109-5119381E9C60}.Debug|Any CPU.Build.0 = Debug|Any CPU
		{2098C9DD-8C93-4B52-B109-5119381E9C60}.Release|Any CPU.ActiveCfg = Release|Any CPU
		{2098C9DD-8C93-4B52-B109-5119381E9C60}.Release|Any CPU.Build.0 = Release|Any CPU
		{14C2E043-DF6E-445D-92DE-9C490BCB2032}.Debug|Any CPU.ActiveCfg = Debug|Any CPU
		{14C2E043-DF6E-445D-92DE-9C490BCB2032}.Debug|Any CPU.Build.0 = Debug|Any CPU
		{14C2E043-DF6E-445D-92DE-9C490BCB2032}.Release|Any CPU.ActiveCfg = Release|Any CPU
		{14C2E043-DF6E-445D-92DE-9C490BCB2032}.Release|Any CPU.Build.0 = Release|Any CPU
		{C3EDB26F-2725-4049-BEEB-E5D215953909}.Debug|Any CPU.ActiveCfg = Debug|Any CPU
		{C3EDB26F-2725-4049-BEEB-E5D215953909}.Debug|Any CPU.Build.0 = Debug|Any CPU
		{C3EDB26F-2725-4049-BEEB-E5D215953909}.Release|Any CPU.ActiveCfg = Release|Any CPU
		{C3EDB26F-2725-4049-BEEB-E5D215953909}.Release|Any CPU.Build.0 = Release|Any CPU
		{4BEF0435-227B-424C-B38B-A04A18CA685F}.Debug|Any CPU.ActiveCfg = Debug|Any CPU
		{4BEF0435-227B-424C-B38B-A04A18CA685F}.Debug|Any CPU.Build.0 = Debug|Any CPU
		{4BEF0435-227B-424C-B38B-A04A18CA685F}.Release|Any CPU.ActiveCfg = Release|Any CPU
		{4BEF0435-227B-424C-B38B-A04A18CA685F}.Release|Any CPU.Build.0 = Release|Any CPU
		{B0E87740-2BAC-4D05-918F-37C954C6DB8A}.Debug|Any CPU.ActiveCfg = Debug|Any CPU
		{B0E87740-2BAC-4D05-918F-37C954C6DB8A}.Debug|Any CPU.Build.0 = Debug|Any CPU
		{B0E87740-2BAC-4D05-918F-37C954C6DB8A}.Release|Any CPU.ActiveCfg = Release|Any CPU
		{B0E87740-2BAC-4D05-918F-37C954C6DB8A}.Release|Any CPU.Build.0 = Release|Any CPU
	EndGlobalSection
	GlobalSection(SolutionProperties) = preSolution
		HideSolutionNode = FALSE
	EndGlobalSection
	GlobalSection(ExtensibilityGlobals) = postSolution
		SolutionGuid = {9968DE00-81D8-4500-A04B-2D6C83F281DE}
	EndGlobalSection
EndGlobal
